
Microsoft Visual Studio Solution File, Format Version 12.00
# Visual Studio Version 17
VisualStudioVersion = 17.12.35521.163
MinimumVisualStudioVersion = 10.0.40219.1
Project("{2150E333-8FDC-42A3-9474-1A3956D46DE8}") = "src", "src", "{AD65F4F8-6F80-416E-88FC-957966C7058C}"
EndProject
Project("{9A19103F-16F7-4668-BE54-9A1E7A4F7556}") = "AIDreamDecoder.Domain", "AIDreamDecoder.Domain\AIDreamDecoder.Domain.csproj", "{45043DCA-22C9-4E0A-9B38-2A0345E5B911}"
EndProject
Project("{9A19103F-16F7-4668-BE54-9A1E7A4F7556}") = "AIDreamDecoder.Application", "AIDreamDecoder.Application\AIDreamDecoder.Application.csproj", "{4C2ED055-91A9-4091-943A-266A611585BD}"
EndProject
Project("{9A19103F-16F7-4668-BE54-9A1E7A4F7556}") = "AIDreamDecoder.Infrastructure", "AIDreamDecoder.Infrastructure\AIDreamDecoder.Infrastructure.csproj", "{12C6FCFC-36AB-45B8-97AA-F43CB6F0F5A3}"
EndProject
Project("{FAE04EC0-301F-11D3-BF4B-00C04F79EFBC}") = "AIDreamDecoder.WebAPI", "AIDreamDecoder.WebAPI\AIDreamDecoder.WebAPI.csproj", "{EE617222-5C05-4D67-BBCC-A1C924293C83}"
EndProject
Global
	GlobalSection(SolutionConfigurationPlatforms) = preSolution
		Debug|Any CPU = Debug|Any CPU
		Release|Any CPU = Release|Any CPU
	EndGlobalSection
	GlobalSection(ProjectConfigurationPlatforms) = postSolution
		{45043DCA-22C9-4E0A-9B38-2A0345E5B911}.Debug|Any CPU.ActiveCfg = Debug|Any CPU
		{45043DCA-22C9-4E0A-9B38-2A0345E5B911}.Debug|Any CPU.Build.0 = Debug|Any CPU
		{45043DCA-22C9-4E0A-9B38-2A0345E5B911}.Release|Any CPU.ActiveCfg = Release|Any CPU
		{45043DCA-22C9-4E0A-9B38-2A0345E5B911}.Release|Any CPU.Build.0 = Release|Any CPU
		{4C2ED055-91A9-4091-943A-266A611585BD}.Debug|Any CPU.ActiveCfg = Debug|Any CPU
		{4C2ED055-91A9-4091-943A-266A611585BD}.Debug|Any CPU.Build.0 = Debug|Any CPU
		{4C2ED055-91A9-4091-943A-266A611585BD}.Release|Any CPU.ActiveCfg = Release|Any CPU
		{4C2ED055-91A9-4091-943A-266A611585BD}.Release|Any CPU.Build.0 = Release|Any CPU
		{12C6FCFC-36AB-45B8-97AA-F43CB6F0F5A3}.Debug|Any CPU.ActiveCfg = Debug|Any CPU
		{12C6FCFC-36AB-45B8-97AA-F43CB6F0F5A3}.Debug|Any CPU.Build.0 = Debug|Any CPU
		{12C6FCFC-36AB-45B8-97AA-F43CB6F0F5A3}.Release|Any CPU.ActiveCfg = Release|Any CPU
		{12C6FCFC-36AB-45B8-97AA-F43CB6F0F5A3}.Release|Any CPU.Build.0 = Release|Any CPU
		{EE617222-5C05-4D67-BBCC-A1C924293C83}.Debug|Any CPU.ActiveCfg = Debug|Any CPU
		{EE617222-5C05-4D67-BBCC-A1C924293C83}.Debug|Any CPU.Build.0 = Debug|Any CPU
		{EE617222-5C05-4D67-BBCC-A1C924293C83}.Release|Any CPU.ActiveCfg = Release|Any CPU
		{EE617222-5C05-4D67-BBCC-A1C924293C83}.Release|Any CPU.Build.0 = Release|Any CPU
	EndGlobalSection
	GlobalSection(SolutionProperties) = preSolution
		HideSolutionNode = FALSE
	EndGlobalSection
	GlobalSection(NestedProjects) = preSolution
		{45043DCA-22C9-4E0A-9B38-2A0345E5B911} = {AD65F4F8-6F80-416E-88FC-957966C7058C}
		{4C2ED055-91A9-4091-943A-266A611585BD} = {AD65F4F8-6F80-416E-88FC-957966C7058C}
		{12C6FCFC-36AB-45B8-97AA-F43CB6F0F5A3} = {AD65F4F8-6F80-416E-88FC-957966C7058C}
		{EE617222-5C05-4D67-BBCC-A1C924293C83} = {AD65F4F8-6F80-416E-88FC-957966C7058C}
	EndGlobalSection
	GlobalSection(ExtensibilityGlobals) = postSolution
		SolutionGuid = {088890B4-3D3F-4675-B20B-3A72044D5641}
	EndGlobalSection
EndGlobal
